// !$*UTF8*$!
{
	archiveVersion = 1;
	classes = {
	};
	objectVersion = 51;
	objects = {

/* Begin PBXBuildFile section */
		186891A624E532EE0091DA45 /* CollectionViewCell.swift in Sources */ = {isa = PBXBuildFile; fileRef = 186891A524E532EE0091DA45 /* CollectionViewCell.swift */; };
		186891A824E667A60091DA45 /* Dashboard.swift in Sources */ = {isa = PBXBuildFile; fileRef = 186891A724E667A60091DA45 /* Dashboard.swift */; };
		186891AA24E7B4F60091DA45 /* FeaturedDealViewCell.swift in Sources */ = {isa = PBXBuildFile; fileRef = 186891A924E7B4F60091DA45 /* FeaturedDealViewCell.swift */; };
		186891AC24E7B60A0091DA45 /* FeaturedDeals.swift in Sources */ = {isa = PBXBuildFile; fileRef = 186891AB24E7B60A0091DA45 /* FeaturedDeals.swift */; };
		186891AE24E7DD790091DA45 /* DealCategories.swift in Sources */ = {isa = PBXBuildFile; fileRef = 186891AD24E7DD790091DA45 /* DealCategories.swift */; };
		18F7D6EC24E4151A00467466 /* AppDelegate.swift in Sources */ = {isa = PBXBuildFile; fileRef = 18F7D6EB24E4151A00467466 /* AppDelegate.swift */; };
		18F7D6EE24E4151A00467466 /* SceneDelegate.swift in Sources */ = {isa = PBXBuildFile; fileRef = 18F7D6ED24E4151A00467466 /* SceneDelegate.swift */; };
		18F7D6F024E4151A00467466 /* ViewController.swift in Sources */ = {isa = PBXBuildFile; fileRef = 18F7D6EF24E4151A00467466 /* ViewController.swift */; };
		18F7D6F324E4151A00467466 /* Main.storyboard in Resources */ = {isa = PBXBuildFile; fileRef = 18F7D6F124E4151A00467466 /* Main.storyboard */; };
		18F7D6F524E4151F00467466 /* Assets.xcassets in Resources */ = {isa = PBXBuildFile; fileRef = 18F7D6F424E4151F00467466 /* Assets.xcassets */; };
		18F7D6F824E4151F00467466 /* LaunchScreen.storyboard in Resources */ = {isa = PBXBuildFile; fileRef = 18F7D6F624E4151F00467466 /* LaunchScreen.storyboard */; };
		2620BCAF2F9B0B0E6922DECF /* Pods_Deals.framework in Frameworks */ = {isa = PBXBuildFile; fileRef = 10EB3F78E066626C4F34324A /* Pods_Deals.framework */; };
/* End PBXBuildFile section */

/* Begin PBXFileReference section */
		10EB3F78E066626C4F34324A /* Pods_Deals.framework */ = {isa = PBXFileReference; explicitFileType = wrapper.framework; includeInIndex = 0; path = Pods_Deals.framework; sourceTree = BUILT_PRODUCTS_DIR; };
		186891A524E532EE0091DA45 /* CollectionViewCell.swift */ = {isa = PBXFileReference; lastKnownFileType = sourcecode.swift; path = CollectionViewCell.swift; sourceTree = "<group>"; };
		186891A724E667A60091DA45 /* Dashboard.swift */ = {isa = PBXFileReference; lastKnownFileType = sourcecode.swift; path = Dashboard.swift; sourceTree = "<group>"; };
		186891A924E7B4F60091DA45 /* FeaturedDealViewCell.swift */ = {isa = PBXFileReference; lastKnownFileType = sourcecode.swift; path = FeaturedDealViewCell.swift; sourceTree = "<group>"; };
		186891AB24E7B60A0091DA45 /* FeaturedDeals.swift */ = {isa = PBXFileReference; lastKnownFileType = sourcecode.swift; path = FeaturedDeals.swift; sourceTree = "<group>"; };
		186891AD24E7DD790091DA45 /* DealCategories.swift */ = {isa = PBXFileReference; lastKnownFileType = sourcecode.swift; path = DealCategories.swift; sourceTree = "<group>"; };
		18F7D6E824E4151A00467466 /* Deals.app */ = {isa = PBXFileReference; explicitFileType = wrapper.application; includeInIndex = 0; path = Deals.app; sourceTree = BUILT_PRODUCTS_DIR; };
		18F7D6EB24E4151A00467466 /* AppDelegate.swift */ = {isa = PBXFileReference; lastKnownFileType = sourcecode.swift; path = AppDelegate.swift; sourceTree = "<group>"; };
		18F7D6ED24E4151A00467466 /* SceneDelegate.swift */ = {isa = PBXFileReference; lastKnownFileType = sourcecode.swift; path = SceneDelegate.swift; sourceTree = "<group>"; };
		18F7D6EF24E4151A00467466 /* ViewController.swift */ = {isa = PBXFileReference; lastKnownFileType = sourcecode.swift; path = ViewController.swift; sourceTree = "<group>"; };
		18F7D6F224E4151A00467466 /* Base */ = {isa = PBXFileReference; lastKnownFileType = file.storyboard; name = Base; path = Base.lproj/Main.storyboard; sourceTree = "<group>"; };
		18F7D6F424E4151F00467466 /* Assets.xcassets */ = {isa = PBXFileReference; lastKnownFileType = folder.assetcatalog; path = Assets.xcassets; sourceTree = "<group>"; };
		18F7D6F724E4151F00467466 /* Base */ = {isa = PBXFileReference; lastKnownFileType = file.storyboard; name = Base; path = Base.lproj/LaunchScreen.storyboard; sourceTree = "<group>"; };
		18F7D6F924E4151F00467466 /* Info.plist */ = {isa = PBXFileReference; lastKnownFileType = text.plist.xml; path = Info.plist; sourceTree = "<group>"; };
		67619FECD1D066F03B151121 /* Pods-Deals.release.xcconfig */ = {isa = PBXFileReference; includeInIndex = 1; lastKnownFileType = text.xcconfig; name = "Pods-Deals.release.xcconfig"; path = "Target Support Files/Pods-Deals/Pods-Deals.release.xcconfig"; sourceTree = "<group>"; };
		B575ED29CA6F1733CE45A5FB /* Pods-Deals.debug.xcconfig */ = {isa = PBXFileReference; includeInIndex = 1; lastKnownFileType = text.xcconfig; name = "Pods-Deals.debug.xcconfig"; path = "Target Support Files/Pods-Deals/Pods-Deals.debug.xcconfig"; sourceTree = "<group>"; };
/* End PBXFileReference section */

/* Begin PBXFrameworksBuildPhase section */
		18F7D6E524E4151A00467466 /* Frameworks */ = {
			isa = PBXFrameworksBuildPhase;
			buildActionMask = 2147483647;
			files = (
				2620BCAF2F9B0B0E6922DECF /* Pods_Deals.framework in Frameworks */,
			);
			runOnlyForDeploymentPostprocessing = 0;
		};
/* End PBXFrameworksBuildPhase section */

/* Begin PBXGroup section */
		18F7D6DF24E4151A00467466 = {
			isa = PBXGroup;
			children = (
				18F7D6EA24E4151A00467466 /* Deals */,
				18F7D6E924E4151A00467466 /* Products */,
				562F57C5F961863BA69325FF /* Pods */,
				747E99B3B98A544AF249317F /* Frameworks */,
			);
			sourceTree = "<group>";
		};
		18F7D6E924E4151A00467466 /* Products */ = {
			isa = PBXGroup;
			children = (
				18F7D6E824E4151A00467466 /* Deals.app */,
			);
			name = Products;
			sourceTree = "<group>";
		};
		18F7D6EA24E4151A00467466 /* Deals */ = {
			isa = PBXGroup;
			children = (
				18F7D6EB24E4151A00467466 /* AppDelegate.swift */,
				18F7D6ED24E4151A00467466 /* SceneDelegate.swift */,
				186891AD24E7DD790091DA45 /* DealCategories.swift */,
				18F7D6EF24E4151A00467466 /* ViewController.swift */,
				186891A524E532EE0091DA45 /* CollectionViewCell.swift */,
				186891A724E667A60091DA45 /* Dashboard.swift */,
				18F7D6F124E4151A00467466 /* Main.storyboard */,
				18F7D6F424E4151F00467466 /* Assets.xcassets */,
				18F7D6F624E4151F00467466 /* LaunchScreen.storyboard */,
				18F7D6F924E4151F00467466 /* Info.plist */,
				186891A924E7B4F60091DA45 /* FeaturedDealViewCell.swift */,
				186891AB24E7B60A0091DA45 /* FeaturedDeals.swift */,
			);
			path = Deals;
			sourceTree = "<group>";
		};
		562F57C5F961863BA69325FF /* Pods */ = {
			isa = PBXGroup;
			children = (
				B575ED29CA6F1733CE45A5FB /* Pods-Deals.debug.xcconfig */,
				67619FECD1D066F03B151121 /* Pods-Deals.release.xcconfig */,
			);
			path = Pods;
			sourceTree = "<group>";
		};
		747E99B3B98A544AF249317F /* Frameworks */ = {
			isa = PBXGroup;
			children = (
				10EB3F78E066626C4F34324A /* Pods_Deals.framework */,
			);
			name = Frameworks;
			sourceTree = "<group>";
		};
/* End PBXGroup section */

/* Begin PBXNativeTarget section */
		18F7D6E724E4151A00467466 /* Deals */ = {
			isa = PBXNativeTarget;
			buildConfigurationList = 18F7D6FC24E4151F00467466 /* Build configuration list for PBXNativeTarget "Deals" */;
			buildPhases = (
				7D7B7932E93C66306483A1E5 /* [CP] Check Pods Manifest.lock */,
				18F7D6E424E4151A00467466 /* Sources */,
				18F7D6E524E4151A00467466 /* Frameworks */,
				18F7D6E624E4151A00467466 /* Resources */,
				6EE11123546560FFE2132D8D /* [CP] Embed Pods Frameworks */,
			);
			buildRules = (
			);
			dependencies = (
			);
			name = Deals;
			productName = Deals;
			productReference = 18F7D6E824E4151A00467466 /* Deals.app */;
			productType = "com.apple.product-type.application";
		};
/* End PBXNativeTarget section */

/* Begin PBXProject section */
		18F7D6E024E4151A00467466 /* Project object */ = {
			isa = PBXProject;
			attributes = {
				LastSwiftUpdateCheck = 1150;
				LastUpgradeCheck = 1150;
				ORGANIZATIONNAME = Apple;
				TargetAttributes = {
					18F7D6E724E4151A00467466 = {
						CreatedOnToolsVersion = 11.5;
					};
				};
			};
			buildConfigurationList = 18F7D6E324E4151A00467466 /* Build configuration list for PBXProject "Deals" */;
			compatibilityVersion = "Xcode 9.3";
			developmentRegion = en;
			hasScannedForEncodings = 0;
			knownRegions = (
				en,
				Base,
			);
			mainGroup = 18F7D6DF24E4151A00467466;
			productRefGroup = 18F7D6E924E4151A00467466 /* Products */;
			projectDirPath = "";
			projectRoot = "";
			targets = (
				18F7D6E724E4151A00467466 /* Deals */,
			);
		};
/* End PBXProject section */

/* Begin PBXResourcesBuildPhase section */
		18F7D6E624E4151A00467466 /* Resources */ = {
			isa = PBXResourcesBuildPhase;
			buildActionMask = 2147483647;
			files = (
				18F7D6F824E4151F00467466 /* LaunchScreen.storyboard in Resources */,
				18F7D6F524E4151F00467466 /* Assets.xcassets in Resources */,
				18F7D6F324E4151A00467466 /* Main.storyboard in Resources */,
			);
			runOnlyForDeploymentPostprocessing = 0;
		};
/* End PBXResourcesBuildPhase section */

/* Begin PBXShellScriptBuildPhase section */
		6EE11123546560FFE2132D8D /* [CP] Embed Pods Frameworks */ = {
			isa = PBXShellScriptBuildPhase;
			buildActionMask = 2147483647;
			files = (
			);
			inputFileListPaths = (
				"${PODS_ROOT}/Target Support Files/Pods-Deals/Pods-Deals-frameworks-${CONFIGURATION}-input-files.xcfilelist",
			);
			name = "[CP] Embed Pods Frameworks";
			outputFileListPaths = (
				"${PODS_ROOT}/Target Support Files/Pods-Deals/Pods-Deals-frameworks-${CONFIGURATION}-output-files.xcfilelist",
			);
			runOnlyForDeploymentPostprocessing = 0;
			shellPath = /bin/sh;
			shellScript = "\"${PODS_ROOT}/Target Support Files/Pods-Deals/Pods-Deals-frameworks.sh\"\n";
			showEnvVarsInLog = 0;
		};
		7D7B7932E93C66306483A1E5 /* [CP] Check Pods Manifest.lock */ = {
			isa = PBXShellScriptBuildPhase;
			buildActionMask = 2147483647;
			files = (
			);
			inputFileListPaths = (
			);
			inputPaths = (
				"${PODS_PODFILE_DIR_PATH}/Podfile.lock",
				"${PODS_ROOT}/Manifest.lock",
			);
			name = "[CP] Check Pods Manifest.lock";
			outputFileListPaths = (
			);
			outputPaths = (
				"$(DERIVED_FILE_DIR)/Pods-Deals-checkManifestLockResult.txt",
			);
			runOnlyForDeploymentPostprocessing = 0;
			shellPath = /bin/sh;
			shellScript = "diff \"${PODS_PODFILE_DIR_PATH}/Podfile.lock\" \"${PODS_ROOT}/Manifest.lock\" > /dev/null\nif [ $? != 0 ] ; then\n    # print error to STDERR\n    echo \"error: The sandbox is not in sync with the Podfile.lock. Run 'pod install' or update your CocoaPods installation.\" >&2\n    exit 1\nfi\n# This output is used by Xcode 'outputs' to avoid re-running this script phase.\necho \"SUCCESS\" > \"${SCRIPT_OUTPUT_FILE_0}\"\n";
			showEnvVarsInLog = 0;
		};
/* End PBXShellScriptBuildPhase section */

/* Begin PBXSourcesBuildPhase section */
		18F7D6E424E4151A00467466 /* Sources */ = {
			isa = PBXSourcesBuildPhase;
			buildActionMask = 2147483647;
			files = (
				18F7D6F024E4151A00467466 /* ViewController.swift in Sources */,
				18F7D6EC24E4151A00467466 /* AppDelegate.swift in Sources */,
				186891AC24E7B60A0091DA45 /* FeaturedDeals.swift in Sources */,
				186891AE24E7DD790091DA45 /* DealCategories.swift in Sources */,
				186891AA24E7B4F60091DA45 /* FeaturedDealViewCell.swift in Sources */,
				186891A824E667A60091DA45 /* Dashboard.swift in Sources */,
				186891A624E532EE0091DA45 /* CollectionViewCell.swift in Sources */,
				18F7D6EE24E4151A00467466 /* SceneDelegate.swift in Sources */,
			);
			runOnlyForDeploymentPostprocessing = 0;
		};
/* End PBXSourcesBuildPhase section */

/* Begin PBXVariantGroup section */
		18F7D6F124E4151A00467466 /* Main.storyboard */ = {
			isa = PBXVariantGroup;
			children = (
				18F7D6F224E4151A00467466 /* Base */,
			);
			name = Main.storyboard;
			sourceTree = "<group>";
		};
		18F7D6F624E4151F00467466 /* LaunchScreen.storyboard */ = {
			isa = PBXVariantGroup;
			children = (
				18F7D6F724E4151F00467466 /* Base */,
			);
			name = LaunchScreen.storyboard;
			sourceTree = "<group>";
		};
/* End PBXVariantGroup section */

/* Begin XCBuildConfiguration section */
		18F7D6FA24E4151F00467466 /* Debug */ = {
			isa = XCBuildConfiguration;
			buildSettings = {
				ALWAYS_SEARCH_USER_PATHS = NO;
				CLANG_ANALYZER_NONNULL = YES;
				CLANG_ANALYZER_NUMBER_OBJECT_CONVERSION = YES_AGGRESSIVE;
				CLANG_CXX_LANGUAGE_STANDARD = "gnu++14";
				CLANG_CXX_LIBRARY = "libc++";
				CLANG_ENABLE_MODULES = YES;
				CLANG_ENABLE_OBJC_ARC = YES;
				CLANG_ENABLE_OBJC_WEAK = YES;
				CLANG_WARN_BLOCK_CAPTURE_AUTORELEASING = YES;
				CLANG_WARN_BOOL_CONVERSION = YES;
				CLANG_WARN_COMMA = YES;
				CLANG_WARN_CONSTANT_CONVERSION = YES;
				CLANG_WARN_DEPRECATED_OBJC_IMPLEMENTATIONS = YES;
				CLANG_WARN_DIRECT_OBJC_ISA_USAGE = YES_ERROR;
				CLANG_WARN_DOCUMENTATION_COMMENTS = YES;
				CLANG_WARN_EMPTY_BODY = YES;
				CLANG_WARN_ENUM_CONVERSION = YES;
				CLANG_WARN_INFINITE_RECURSION = YES;
				CLANG_WARN_INT_CONVERSION = YES;
				CLANG_WARN_NON_LITERAL_NULL_CONVERSION = YES;
				CLANG_WARN_OBJC_IMPLICIT_RETAIN_SELF = YES;
				CLANG_WARN_OBJC_LITERAL_CONVERSION = YES;
				CLANG_WARN_OBJC_ROOT_CLASS = YES_ERROR;
				CLANG_WARN_RANGE_LOOP_ANALYSIS = YES;
				CLANG_WARN_STRICT_PROTOTYPES = YES;
				CLANG_WARN_SUSPICIOUS_MOVE = YES;
				CLANG_WARN_UNGUARDED_AVAILABILITY = YES_AGGRESSIVE;
				CLANG_WARN_UNREACHABLE_CODE = YES;
				CLANG_WARN__DUPLICATE_METHOD_MATCH = YES;
				COPY_PHASE_STRIP = NO;
				DEBUG_INFORMATION_FORMAT = dwarf;
				ENABLE_STRICT_OBJC_MSGSEND = YES;
				ENABLE_TESTABILITY = YES;
				GCC_C_LANGUAGE_STANDARD = gnu11;
				GCC_DYNAMIC_NO_PIC = NO;
				GCC_NO_COMMON_BLOCKS = YES;
				GCC_OPTIMIZATION_LEVEL = 0;
				GCC_PREPROCESSOR_DEFINITIONS = (
					"DEBUG=1",
					"$(inherited)",
				);
				GCC_WARN_64_TO_32_BIT_CONVERSION = YES;
				GCC_WARN_ABOUT_RETURN_TYPE = YES_ERROR;
				GCC_WARN_UNDECLARED_SELECTOR = YES;
				GCC_WARN_UNINITIALIZED_AUTOS = YES_AGGRESSIVE;
				GCC_WARN_UNUSED_FUNCTION = YES;
				GCC_WARN_UNUSED_VARIABLE = YES;
				IPHONEOS_DEPLOYMENT_TARGET = 13.5;
				MTL_ENABLE_DEBUG_INFO = INCLUDE_SOURCE;
				MTL_FAST_MATH = YES;
				ONLY_ACTIVE_ARCH = YES;
				SDKROOT = iphoneos;
				SWIFT_ACTIVE_COMPILATION_CONDITIONS = DEBUG;
				SWIFT_OPTIMIZATION_LEVEL = "-Onone";
			};
			name = Debug;
		};
		18F7D6FB24E4151F00467466 /* Release */ = {
			isa = XCBuildConfiguration;
			buildSettings = {
				ALWAYS_SEARCH_USER_PATHS = NO;
				CLANG_ANALYZER_NONNULL = YES;
				CLANG_ANALYZER_NUMBER_OBJECT_CONVERSION = YES_AGGRESSIVE;
				CLANG_CXX_LANGUAGE_STANDARD = "gnu++14";
				CLANG_CXX_LIBRARY = "libc++";
				CLANG_ENABLE_MODULES = YES;
				CLANG_ENABLE_OBJC_ARC = YES;
				CLANG_ENABLE_OBJC_WEAK = YES;
				CLANG_WARN_BLOCK_CAPTURE_AUTORELEASING = YES;
				CLANG_WARN_BOOL_CONVERSION = YES;
				CLANG_WARN_COMMA = YES;
				CLANG_WARN_CONSTANT_CONVERSION = YES;
				CLANG_WARN_DEPRECATED_OBJC_IMPLEMENTATIONS = YES;
				CLANG_WARN_DIRECT_OBJC_ISA_USAGE = YES_ERROR;
				CLANG_WARN_DOCUMENTATION_COMMENTS = YES;
				CLANG_WARN_EMPTY_BODY = YES;
				CLANG_WARN_ENUM_CONVERSION = YES;
				CLANG_WARN_INFINITE_RECURSION = YES;
				CLANG_WARN_INT_CONVERSION = YES;
				CLANG_WARN_NON_LITERAL_NULL_CONVERSION = YES;
				CLANG_WARN_OBJC_IMPLICIT_RETAIN_SELF = YES;
				CLANG_WARN_OBJC_LITERAL_CONVERSION = YES;
				CLANG_WARN_OBJC_ROOT_CLASS = YES_ERROR;
				CLANG_WARN_RANGE_LOOP_ANALYSIS = YES;
				CLANG_WARN_STRICT_PROTOTYPES = YES;
				CLANG_WARN_SUSPICIOUS_MOVE = YES;
				CLANG_WARN_UNGUARDED_AVAILABILITY = YES_AGGRESSIVE;
				CLANG_WARN_UNREACHABLE_CODE = YES;
				CLANG_WARN__DUPLICATE_METHOD_MATCH = YES;
				COPY_PHASE_STRIP = NO;
				DEBUG_INFORMATION_FORMAT = "dwarf-with-dsym";
				ENABLE_NS_ASSERTIONS = NO;
				ENABLE_STRICT_OBJC_MSGSEND = YES;
				GCC_C_LANGUAGE_STANDARD = gnu11;
				GCC_NO_COMMON_BLOCKS = YES;
				GCC_WARN_64_TO_32_BIT_CONVERSION = YES;
				GCC_WARN_ABOUT_RETURN_TYPE = YES_ERROR;
				GCC_WARN_UNDECLARED_SELECTOR = YES;
				GCC_WARN_UNINITIALIZED_AUTOS = YES_AGGRESSIVE;
				GCC_WARN_UNUSED_FUNCTION = YES;
				GCC_WARN_UNUSED_VARIABLE = YES;
				IPHONEOS_DEPLOYMENT_TARGET = 13.5;
				MTL_ENABLE_DEBUG_INFO = NO;
				MTL_FAST_MATH = YES;
				SDKROOT = iphoneos;
				SWIFT_COMPILATION_MODE = wholemodule;
				SWIFT_OPTIMIZATION_LEVEL = "-O";
				VALIDATE_PRODUCT = YES;
			};
			name = Release;
		};
		18F7D6FD24E4151F00467466 /* Debug */ = {
			isa = XCBuildConfiguration;
			baseConfigurationReference = B575ED29CA6F1733CE45A5FB /* Pods-Deals.debug.xcconfig */;
			buildSettings = {
				ASSETCATALOG_COMPILER_APPICON_NAME = AppIcon;
				CODE_SIGN_STYLE = Automatic;
				DEVELOPMENT_TEAM = XB6RCTWV5U;
				INFOPLIST_FILE = Deals/Info.plist;
				LD_RUNPATH_SEARCH_PATHS = (
					"$(inherited)",
					"@executable_path/Frameworks",
				);
				PRODUCT_BUNDLE_IDENTIFIER = com.zeeshanhabib.Deals;
				PRODUCT_NAME = "$(TARGET_NAME)";
				SWIFT_VERSION = 5.0;
				TARGETED_DEVICE_FAMILY = "1,2";
			};
			name = Debug;
		};
		18F7D6FE24E4151F00467466 /* Release */ = {
			isa = XCBuildConfiguration;
			baseConfigurationReference = 67619FECD1D066F03B151121 /* Pods-Deals.release.xcconfig */;
			buildSettings = {
				ASSETCATALOG_COMPILER_APPICON_NAME = AppIcon;
				CODE_SIGN_STYLE = Automatic;
				DEVELOPMENT_TEAM = XB6RCTWV5U;
				INFOPLIST_FILE = Deals/Info.plist;
				LD_RUNPATH_SEARCH_PATHS = (
					"$(inherited)",
					"@executable_path/Frameworks",
				);
				PRODUCT_BUNDLE_IDENTIFIER = com.zeeshanhabib.Deals;
				PRODUCT_NAME = "$(TARGET_NAME)";
				SWIFT_VERSION = 5.0;
				TARGETED_DEVICE_FAMILY = "1,2";
			};
			name = Release;
		};
/* End XCBuildConfiguration section */

/* Begin XCConfigurationList section */
		18F7D6E324E4151A00467466 /* Build configuration list for PBXProject "Deals" */ = {
			isa = XCConfigurationList;
			buildConfigurations = (
				18F7D6FA24E4151F00467466 /* Debug */,
				18F7D6FB24E4151F00467466 /* Release */,
			);
			defaultConfigurationIsVisible = 0;
			defaultConfigurationName = Release;
		};
		18F7D6FC24E4151F00467466 /* Build configuration list for PBXNativeTarget "Deals" */ = {
			isa = XCConfigurationList;
			buildConfigurations = (
				18F7D6FD24E4151F00467466 /* Debug */,
				18F7D6FE24E4151F00467466 /* Release */,
			);
			defaultConfigurationIsVisible = 0;
			defaultConfigurationName = Release;
		};
/* End XCConfigurationList section */
	};
	rootObject = 18F7D6E024E4151A00467466 /* Project object */;
}
